{
  "version": 4,
  "terraform_version": "1.7.4",
  "serial": 305,
  "lineage": "17e380e0-167f-aa33-b6d6-d6a95c0ec8dd",
  "outputs": {
    "public_url": {
      "value": "http://54.234.115.83:4646/ui",
      "type": "string"
    },
    "vpc_id": {
      "value": "vpc-0f6ad60f094893dc9",
      "type": "string"
    },
    "vpc_information": {
      "value": "Your dev VPC has an ID of vpc-0f6ad60f094893dc9",
      "type": "string"
    }
  },
  "resources": [
    {
      "mode": "data",
      "type": "aws_ami",
      "name": "nomad_server",
      "provider": "provider[\"registry.terraform.io/hashicorp/aws\"]",
      "instances": [
        {
          "schema_version": 0,
          "attributes": {
            "architecture": "x86_64",
            "arn": "arn:aws:ec2:us-east-1::image/ami-068bf13253c3828b2",
            "block_device_mappings": [
              {
                "device_name": "/dev/sda1",
                "ebs": {
                  "delete_on_termination": "true",
                  "encrypted": "false",
                  "iops": "0",
                  "snapshot_id": "snap-0c3156c2b28143f23",
                  "throughput": "0",
                  "volume_size": "8",
                  "volume_type": "gp2"
                },
                "no_device": "",
                "virtual_name": ""
              },
              {
                "device_name": "/dev/sdb",
                "ebs": {},
                "no_device": "",
                "virtual_name": "ephemeral0"
              },
              {
                "device_name": "/dev/sdc",
                "ebs": {},
                "no_device": "",
                "virtual_name": "ephemeral1"
              }
            ],
            "creation_date": "2024-03-09T08:52:21.000Z",
            "description": null,
            "ena_support": true,
            "executable_users": null,
            "filter": [
              {
                "name": "name",
                "values": [
                  "jabra/images/hashicorp/nomad-server/ubuntu-22-*"
                ]
              },
              {
                "name": "virtualization-type",
                "values": [
                  "hvm"
                ]
              }
            ],
            "hypervisor": "xen",
            "id": "ami-068bf13253c3828b2",
            "image_id": "ami-068bf13253c3828b2",
            "image_location": "537374183265/jabra/images/hashicorp/nomad-server/ubuntu-22-20240309084616",
            "image_owner_alias": null,
            "image_type": "machine",
            "kernel_id": null,
            "most_recent": true,
            "name": "jabra/images/hashicorp/nomad-server/ubuntu-22-20240309084616",
            "name_regex": null,
            "owner_id": "537374183265",
            "owners": [
              "537374183265"
            ],
            "platform": null,
            "platform_details": "Linux/UNIX",
            "product_codes": [],
            "public": false,
            "ramdisk_id": null,
            "root_device_name": "/dev/sda1",
            "root_device_type": "ebs",
            "root_snapshot_id": "snap-0c3156c2b28143f23",
            "sriov_net_support": "simple",
            "state": "available",
            "state_reason": {
              "code": "UNSET",
              "message": "UNSET"
            },
            "tags": {},
            "usage_operation": "RunInstances",
            "virtualization_type": "hvm"
          },
          "sensitive_attributes": []
        }
      ]
    },
    {
      "mode": "data",
      "type": "aws_availability_zones",
      "name": "available",
      "provider": "provider[\"registry.terraform.io/hashicorp/aws\"]",
      "instances": [
        {
          "schema_version": 0,
          "attributes": {
            "all_availability_zones": null,
            "exclude_names": null,
            "exclude_zone_ids": null,
            "filter": null,
            "group_names": [
              "us-east-1"
            ],
            "id": "us-east-1",
            "names": [
              "us-east-1a",
              "us-east-1b",
              "us-east-1c",
              "us-east-1d",
              "us-east-1e",
              "us-east-1f"
            ],
            "state": null,
            "zone_ids": [
              "use1-az2",
              "use1-az4",
              "use1-az6",
              "use1-az1",
              "use1-az3",
              "use1-az5"
            ]
          },
          "sensitive_attributes": []
        }
      ]
    },
    {
      "mode": "data",
      "type": "aws_region",
      "name": "current",
      "provider": "provider[\"registry.terraform.io/hashicorp/aws\"]",
      "instances": [
        {
          "schema_version": 0,
          "attributes": {
            "description": "US East (N. Virginia)",
            "endpoint": "ec2.us-east-1.amazonaws.com",
            "id": "us-east-1",
            "name": "us-east-1"
          },
          "sensitive_attributes": []
        }
      ]
    },
    {
      "mode": "managed",
      "type": "aws_eip",
      "name": "nat_gateway_eip",
      "provider": "provider[\"registry.terraform.io/hashicorp/aws\"]",
      "instances": [
        {
          "schema_version": 0,
          "attributes": {
            "address": null,
            "allocation_id": "eipalloc-0be4cfc317da37733",
            "associate_with_private_ip": null,
            "association_id": "",
            "carrier_ip": "",
            "customer_owned_ip": "",
            "customer_owned_ipv4_pool": "",
            "domain": "vpc",
            "id": "eipalloc-0be4cfc317da37733",
            "instance": "",
            "network_border_group": "us-east-1",
            "network_interface": "",
            "private_dns": null,
            "private_ip": "",
            "public_dns": "ec2-44-216-57-0.compute-1.amazonaws.com",
            "public_ip": "44.216.57.0",
            "public_ipv4_pool": "amazon",
            "tags": {
              "Environment": "dev",
              "Name": "jabra-hashicorp/dev/NAT-Gateway-EIP",
              "Terraform": "true"
            },
            "tags_all": {
              "Environment": "dev",
              "Name": "jabra-hashicorp/dev/NAT-Gateway-EIP",
              "Terraform": "true"
            },
            "timeouts": null,
            "vpc": true
          },
          "sensitive_attributes": [],
          "private": "eyJlMmJmYjczMC1lY2FhLTExZTYtOGY4OC0zNDM2M2JjN2M0YzAiOnsiZGVsZXRlIjoxODAwMDAwMDAwMDAsInJlYWQiOjkwMDAwMDAwMDAwMCwidXBkYXRlIjozMDAwMDAwMDAwMDB9fQ==",
          "dependencies": [
            "aws_internet_gateway.internet_gateway",
            "aws_vpc.vpc"
          ]
        }
      ]
    },
    {
      "mode": "managed",
      "type": "aws_instance",
      "name": "nomad_consul_server",
      "provider": "provider[\"registry.terraform.io/hashicorp/aws\"]",
      "instances": [
        {
          "schema_version": 1,
          "attributes": {
            "ami": "ami-068bf13253c3828b2",
            "arn": "arn:aws:ec2:us-east-1:687646712805:instance/i-021d296bfbc839810",
            "associate_public_ip_address": true,
            "availability_zone": "us-east-1b",
            "capacity_reservation_specification": [
              {
                "capacity_reservation_preference": "open",
                "capacity_reservation_target": []
              }
            ],
            "cpu_core_count": 1,
            "cpu_threads_per_core": 1,
            "credit_specification": [
              {
                "cpu_credits": "standard"
              }
            ],
            "disable_api_termination": false,
            "ebs_block_device": [],
            "ebs_optimized": false,
            "enclave_options": [
              {
                "enabled": false
              }
            ],
            "ephemeral_block_device": [],
            "get_password_data": false,
            "hibernation": false,
            "host_id": null,
            "iam_instance_profile": "",
            "id": "i-021d296bfbc839810",
            "instance_initiated_shutdown_behavior": "stop",
            "instance_state": "running",
            "instance_type": "t2.micro",
            "ipv6_address_count": 0,
            "ipv6_addresses": [],
            "key_name": "Jabra-DevSecOps-Key",
            "launch_template": [],
            "metadata_options": [
              {
                "http_endpoint": "enabled",
                "http_put_response_hop_limit": 1,
                "http_tokens": "optional",
                "instance_metadata_tags": "disabled"
              }
            ],
            "monitoring": false,
            "network_interface": [],
            "outpost_arn": "",
            "password_data": "",
            "placement_group": "",
            "placement_partition_number": null,
            "primary_network_interface_id": "eni-04119a81bc2f60995",
            "private_dns": "ip-10-0-101-7.ec2.internal",
            "private_ip": "10.0.101.7",
            "public_dns": "",
            "public_ip": "54.234.115.83",
            "root_block_device": [
              {
                "delete_on_termination": true,
                "device_name": "/dev/sda1",
                "encrypted": false,
                "iops": 100,
                "kms_key_id": "",
                "tags": {},
                "throughput": 0,
                "volume_id": "vol-081c63f83e676594d",
                "volume_size": 8,
                "volume_type": "gp2"
              }
            ],
            "secondary_private_ips": [],
            "security_groups": [
              "sg-0433df1d7eed3e9ea",
              "sg-05da92db2ed11ee50",
              "sg-09a8fa4fc9d1c7a2b"
            ],
            "source_dest_check": true,
            "subnet_id": "subnet-0b5c5fbd051e39d18",
            "tags": {
              "Environment": "dev",
              "Name": "Nomad/Consul Server"
            },
            "tags_all": {
              "Environment": "dev",
              "Name": "Nomad/Consul Server"
            },
            "tenancy": "default",
            "timeouts": null,
            "user_data": null,
            "user_data_base64": null,
            "volume_tags": null,
            "vpc_security_group_ids": [
              "sg-0433df1d7eed3e9ea",
              "sg-05da92db2ed11ee50",
              "sg-09a8fa4fc9d1c7a2b"
            ]
          },
          "sensitive_attributes": [],
          "private": "eyJlMmJmYjczMC1lY2FhLTExZTYtOGY4OC0zNDM2M2JjN2M0YzAiOnsiY3JlYXRlIjo2MDAwMDAwMDAwMDAsImRlbGV0ZSI6MTIwMDAwMDAwMDAwMCwidXBkYXRlIjo2MDAwMDAwMDAwMDB9LCJzY2hlbWFfdmVyc2lvbiI6IjEifQ==",
          "dependencies": [
            "aws_key_pair.generated",
            "aws_security_group.ingress-ssh",
            "aws_security_group.vpc-ping",
            "aws_security_group.vpc-web",
            "aws_subnet.public_subnets",
            "aws_vpc.vpc",
            "data.aws_ami.nomad_server",
            "data.aws_availability_zones.available",
            "tls_private_key.generated"
          ]
        }
      ]
    },
    {
      "mode": "managed",
      "type": "aws_internet_gateway",
      "name": "internet_gateway",
      "provider": "provider[\"registry.terraform.io/hashicorp/aws\"]",
      "instances": [
        {
          "schema_version": 0,
          "attributes": {
            "arn": "arn:aws:ec2:us-east-1:687646712805:internet-gateway/igw-0b16551ec1fb27d1a",
            "id": "igw-0b16551ec1fb27d1a",
            "owner_id": "687646712805",
            "tags": {
              "Environment": "dev",
              "Name": "jabra-hashicorp/dev/Internet-Gateway",
              "Terraform": "true"
            },
            "tags_all": {
              "Environment": "dev",
              "Name": "jabra-hashicorp/dev/Internet-Gateway",
              "Terraform": "true"
            },
            "vpc_id": "vpc-0f6ad60f094893dc9"
          },
          "sensitive_attributes": [],
          "private": "bnVsbA==",
          "dependencies": [
            "aws_vpc.vpc"
          ]
        }
      ]
    },
    {
      "mode": "managed",
      "type": "aws_key_pair",
      "name": "generated",
      "provider": "provider[\"registry.terraform.io/hashicorp/aws\"]",
      "instances": [
        {
          "schema_version": 1,
          "attributes": {
            "arn": "arn:aws:ec2:us-east-1:687646712805:key-pair/Jabra-DevSecOps-Key",
            "fingerprint": "71:d2:fa:0e:13:a2:34:68:5b:af:44:82:c8:5c:4b:7e",
            "id": "Jabra-DevSecOps-Key",
            "key_name": "Jabra-DevSecOps-Key",
            "key_name_prefix": "",
            "key_pair_id": "key-009a0168586453d2d",
            "public_key": "ssh-rsa AAAAB3NzaC1yc2EAAAADAQABAAABAQCwwT/Ch2ZKJkBDYstdyvqbJ/QXekS76sR39lY/tM/xTEp2ji6w5aXbxxRSAlAvYn8Mvqza2gasTY39qwrQJbbCDs01nhmZOKe+kkILCQXJXftE2iO9aQod9L0xVYNYyD4QToyGHVQ92JqT6hsUxqCgBlpRNiXqKjWlcAZgl+M8H50at4HWmhoRtfgrElGCD8EhgQIoizGSFIPTOu/3NOmZ/2CjWUmPlepm/vcZ6rvoPjq88Q+64+ng9dF5/vMTN5/2K8XPqOvx55rFxxlYSXcLHX/sxju3aJYD/wca0in1ytnvl9AiqxU+JxKGthGhy6O2T/G8JH1rY5swAJnpFjRD",
            "tags": null,
            "tags_all": {}
          },
          "sensitive_attributes": [],
          "private": "eyJzY2hlbWFfdmVyc2lvbiI6IjEifQ==",
          "dependencies": [
            "tls_private_key.generated"
          ]
        }
      ]
    },
    {
      "mode": "managed",
      "type": "aws_nat_gateway",
      "name": "nat_gateway",
      "provider": "provider[\"registry.terraform.io/hashicorp/aws\"]",
      "instances": [
        {
          "schema_version": 0,
          "attributes": {
            "allocation_id": "eipalloc-0be4cfc317da37733",
            "connectivity_type": "public",
            "id": "nat-0acdae6fed927cfdb",
            "network_interface_id": "eni-042efc014414f5f49",
            "private_ip": "10.0.101.104",
            "public_ip": "44.216.57.0",
            "subnet_id": "subnet-0b5c5fbd051e39d18",
            "tags": {
              "Environment": "dev",
              "Name": "jabra-hashicorp/dev/NAT-Gateway",
              "Terraform": "true"
            },
            "tags_all": {
              "Environment": "dev",
              "Name": "jabra-hashicorp/dev/NAT-Gateway",
              "Terraform": "true"
            }
          },
          "sensitive_attributes": [],
          "private": "bnVsbA==",
          "dependencies": [
            "aws_eip.nat_gateway_eip",
            "aws_internet_gateway.internet_gateway",
            "aws_subnet.public_subnets",
            "aws_vpc.vpc",
            "data.aws_availability_zones.available"
          ]
        }
      ]
    },
    {
      "mode": "managed",
      "type": "aws_route_table",
      "name": "private_route_table",
      "provider": "provider[\"registry.terraform.io/hashicorp/aws\"]",
      "instances": [
        {
          "schema_version": 0,
          "attributes": {
            "arn": "arn:aws:ec2:us-east-1:687646712805:route-table/rtb-0e0cac37bd5fa9590",
            "id": "rtb-0e0cac37bd5fa9590",
            "owner_id": "687646712805",
            "propagating_vgws": [],
            "route": [
              {
                "carrier_gateway_id": "",
                "cidr_block": "0.0.0.0/0",
                "destination_prefix_list_id": "",
                "egress_only_gateway_id": "",
                "gateway_id": "",
                "instance_id": "",
                "ipv6_cidr_block": "",
                "local_gateway_id": "",
                "nat_gateway_id": "nat-0acdae6fed927cfdb",
                "network_interface_id": "",
                "transit_gateway_id": "",
                "vpc_endpoint_id": "",
                "vpc_peering_connection_id": ""
              }
            ],
            "tags": {
              "Environment": "dev",
              "Name": "jabra-hashicorp/dev/Private-Route-Table",
              "Terraform": "true"
            },
            "tags_all": {
              "Environment": "dev",
              "Name": "jabra-hashicorp/dev/Private-Route-Table",
              "Terraform": "true"
            },
            "timeouts": null,
            "vpc_id": "vpc-0f6ad60f094893dc9"
          },
          "sensitive_attributes": [],
          "private": "eyJlMmJmYjczMC1lY2FhLTExZTYtOGY4OC0zNDM2M2JjN2M0YzAiOnsiY3JlYXRlIjozMDAwMDAwMDAwMDAsImRlbGV0ZSI6MzAwMDAwMDAwMDAwLCJ1cGRhdGUiOjEyMDAwMDAwMDAwMH19",
          "dependencies": [
            "aws_eip.nat_gateway_eip",
            "aws_internet_gateway.internet_gateway",
            "aws_nat_gateway.nat_gateway",
            "aws_subnet.public_subnets",
            "aws_vpc.vpc",
            "data.aws_availability_zones.available"
          ]
        }
      ]
    },
    {
      "mode": "managed",
      "type": "aws_route_table",
      "name": "public_route_table",
      "provider": "provider[\"registry.terraform.io/hashicorp/aws\"]",
      "instances": [
        {
          "schema_version": 0,
          "attributes": {
            "arn": "arn:aws:ec2:us-east-1:687646712805:route-table/rtb-079bd7ff29e3cf52f",
            "id": "rtb-079bd7ff29e3cf52f",
            "owner_id": "687646712805",
            "propagating_vgws": [],
            "route": [
              {
                "carrier_gateway_id": "",
                "cidr_block": "0.0.0.0/0",
                "destination_prefix_list_id": "",
                "egress_only_gateway_id": "",
                "gateway_id": "igw-0b16551ec1fb27d1a",
                "instance_id": "",
                "ipv6_cidr_block": "",
                "local_gateway_id": "",
                "nat_gateway_id": "",
                "network_interface_id": "",
                "transit_gateway_id": "",
                "vpc_endpoint_id": "",
                "vpc_peering_connection_id": ""
              }
            ],
            "tags": {
              "Environment": "dev",
              "Name": "jabra-hashicorp/dev/Public-Route-Table",
              "Terraform": "true"
            },
            "tags_all": {
              "Environment": "dev",
              "Name": "jabra-hashicorp/dev/Public-Route-Table",
              "Terraform": "true"
            },
            "timeouts": null,
            "vpc_id": "vpc-0f6ad60f094893dc9"
          },
          "sensitive_attributes": [],
          "private": "eyJlMmJmYjczMC1lY2FhLTExZTYtOGY4OC0zNDM2M2JjN2M0YzAiOnsiY3JlYXRlIjozMDAwMDAwMDAwMDAsImRlbGV0ZSI6MzAwMDAwMDAwMDAwLCJ1cGRhdGUiOjEyMDAwMDAwMDAwMH19",
          "dependencies": [
            "aws_internet_gateway.internet_gateway",
            "aws_vpc.vpc"
          ]
        }
      ]
    },
    {
      "mode": "managed",
      "type": "aws_route_table_association",
      "name": "private",
      "provider": "provider[\"registry.terraform.io/hashicorp/aws\"]",
      "instances": [
        {
          "index_key": "jabra-hashicorp/dev/Private-Subnet",
          "schema_version": 0,
          "attributes": {
            "gateway_id": "",
            "id": "rtbassoc-0a13d3cb325b5171f",
            "route_table_id": "rtb-0e0cac37bd5fa9590",
            "subnet_id": "subnet-090aed57d4407230b"
          },
          "sensitive_attributes": [],
          "private": "bnVsbA==",
          "dependencies": [
            "aws_eip.nat_gateway_eip",
            "aws_internet_gateway.internet_gateway",
            "aws_nat_gateway.nat_gateway",
            "aws_route_table.private_route_table",
            "aws_subnet.private_subnets",
            "aws_subnet.public_subnets",
            "aws_vpc.vpc",
            "data.aws_availability_zones.available"
          ]
        }
      ]
    },
    {
      "mode": "managed",
      "type": "aws_route_table_association",
      "name": "public",
      "provider": "provider[\"registry.terraform.io/hashicorp/aws\"]",
      "instances": [
        {
          "index_key": "jabra-hashicorp/dev/Public-Subnet",
          "schema_version": 0,
          "attributes": {
            "gateway_id": "",
            "id": "rtbassoc-0ec306a533325f2c2",
            "route_table_id": "rtb-079bd7ff29e3cf52f",
            "subnet_id": "subnet-0b5c5fbd051e39d18"
          },
          "sensitive_attributes": [],
          "private": "bnVsbA==",
          "dependencies": [
            "aws_internet_gateway.internet_gateway",
            "aws_route_table.public_route_table",
            "aws_subnet.public_subnets",
            "aws_vpc.vpc",
            "data.aws_availability_zones.available"
          ]
        }
      ]
    },
    {
      "mode": "managed",
      "type": "aws_security_group",
      "name": "ingress-ssh",
      "provider": "provider[\"registry.terraform.io/hashicorp/aws\"]",
      "instances": [
        {
          "schema_version": 1,
          "attributes": {
            "arn": "arn:aws:ec2:us-east-1:687646712805:security-group/sg-0433df1d7eed3e9ea",
            "description": "Allow SSH Traffic",
            "egress": [
              {
                "cidr_blocks": [
                  "0.0.0.0/0"
                ],
                "description": "Allow all ip and ports outbound",
                "from_port": 0,
                "ipv6_cidr_blocks": [],
                "prefix_list_ids": [],
                "protocol": "-1",
                "security_groups": [],
                "self": false,
                "to_port": 0
              }
            ],
            "id": "sg-0433df1d7eed3e9ea",
            "ingress": [
              {
                "cidr_blocks": [
                  "0.0.0.0/0"
                ],
                "description": "",
                "from_port": 22,
                "ipv6_cidr_blocks": [],
                "prefix_list_ids": [],
                "protocol": "tcp",
                "security_groups": [],
                "self": false,
                "to_port": 22
              }
            ],
            "name": "allow-all-ssh",
            "name_prefix": "",
            "owner_id": "687646712805",
            "revoke_rules_on_delete": false,
            "tags": null,
            "tags_all": {},
            "timeouts": null,
            "vpc_id": "vpc-0f6ad60f094893dc9"
          },
          "sensitive_attributes": [],
          "private": "eyJlMmJmYjczMC1lY2FhLTExZTYtOGY4OC0zNDM2M2JjN2M0YzAiOnsiY3JlYXRlIjo2MDAwMDAwMDAwMDAsImRlbGV0ZSI6OTAwMDAwMDAwMDAwfSwic2NoZW1hX3ZlcnNpb24iOiIxIn0=",
          "dependencies": [
            "aws_vpc.vpc"
          ]
        }
      ]
    },
    {
      "mode": "managed",
      "type": "aws_security_group",
      "name": "vpc-ping",
      "provider": "provider[\"registry.terraform.io/hashicorp/aws\"]",
      "instances": [
        {
          "schema_version": 1,
          "attributes": {
            "arn": "arn:aws:ec2:us-east-1:687646712805:security-group/sg-09a8fa4fc9d1c7a2b",
            "description": "ICMP for Ping Access",
            "egress": [
              {
                "cidr_blocks": [
                  "0.0.0.0/0"
                ],
                "description": "Allow all ip and ports outbound",
                "from_port": 0,
                "ipv6_cidr_blocks": [],
                "prefix_list_ids": [],
                "protocol": "-1",
                "security_groups": [],
                "self": false,
                "to_port": 0
              }
            ],
            "id": "sg-09a8fa4fc9d1c7a2b",
            "ingress": [
              {
                "cidr_blocks": [
                  "0.0.0.0/0"
                ],
                "description": "Allow ICMP Traffic",
                "from_port": -1,
                "ipv6_cidr_blocks": [],
                "prefix_list_ids": [],
                "protocol": "icmp",
                "security_groups": [],
                "self": false,
                "to_port": -1
              }
            ],
            "name": "vpc-ping",
            "name_prefix": "",
            "owner_id": "687646712805",
            "revoke_rules_on_delete": false,
            "tags": null,
            "tags_all": {},
            "timeouts": null,
            "vpc_id": "vpc-0f6ad60f094893dc9"
          },
          "sensitive_attributes": [],
          "private": "eyJlMmJmYjczMC1lY2FhLTExZTYtOGY4OC0zNDM2M2JjN2M0YzAiOnsiY3JlYXRlIjo2MDAwMDAwMDAwMDAsImRlbGV0ZSI6OTAwMDAwMDAwMDAwfSwic2NoZW1hX3ZlcnNpb24iOiIxIn0=",
          "dependencies": [
            "aws_vpc.vpc"
          ]
        }
      ]
    },
    {
      "mode": "managed",
      "type": "aws_security_group",
      "name": "vpc-web",
      "provider": "provider[\"registry.terraform.io/hashicorp/aws\"]",
      "instances": [
        {
          "schema_version": 1,
          "attributes": {
            "arn": "arn:aws:ec2:us-east-1:687646712805:security-group/sg-05da92db2ed11ee50",
            "description": "Allow Web Traffic",
            "egress": [
              {
                "cidr_blocks": [
                  "0.0.0.0/0"
                ],
                "description": "Allow all ip and ports outbound",
                "from_port": 0,
                "ipv6_cidr_blocks": [],
                "prefix_list_ids": [],
                "protocol": "-1",
                "security_groups": [],
                "self": false,
                "to_port": 0
              }
            ],
            "id": "sg-05da92db2ed11ee50",
            "ingress": [
              {
                "cidr_blocks": [
                  "0.0.0.0/0"
                ],
                "description": "Allow Consul UI Port",
                "from_port": 8500,
                "ipv6_cidr_blocks": [],
                "prefix_list_ids": [],
                "protocol": "tcp",
                "security_groups": [],
                "self": false,
                "to_port": 8500
              },
              {
                "cidr_blocks": [
                  "0.0.0.0/0"
                ],
                "description": "Allow Hello World Port",
                "from_port": 5678,
                "ipv6_cidr_blocks": [],
                "prefix_list_ids": [],
                "protocol": "tcp",
                "security_groups": [],
                "self": false,
                "to_port": 5678
              },
              {
                "cidr_blocks": [
                  "0.0.0.0/0"
                ],
                "description": "Allow Nomad UI Port",
                "from_port": 4646,
                "ipv6_cidr_blocks": [],
                "prefix_list_ids": [],
                "protocol": "tcp",
                "security_groups": [],
                "self": false,
                "to_port": 4646
              }
            ],
            "name": "vpc-web-default",
            "name_prefix": "",
            "owner_id": "687646712805",
            "revoke_rules_on_delete": false,
            "tags": null,
            "tags_all": {},
            "timeouts": null,
            "vpc_id": "vpc-0f6ad60f094893dc9"
          },
          "sensitive_attributes": [],
          "private": "eyJlMmJmYjczMC1lY2FhLTExZTYtOGY4OC0zNDM2M2JjN2M0YzAiOnsiY3JlYXRlIjo2MDAwMDAwMDAwMDAsImRlbGV0ZSI6OTAwMDAwMDAwMDAwfSwic2NoZW1hX3ZlcnNpb24iOiIxIn0=",
          "dependencies": [
            "aws_vpc.vpc"
          ]
        }
      ]
    },
    {
      "mode": "managed",
      "type": "aws_subnet",
      "name": "private_subnets",
      "provider": "provider[\"registry.terraform.io/hashicorp/aws\"]",
      "instances": [
        {
          "index_key": "jabra-hashicorp/dev/Private-Subnet",
          "schema_version": 1,
          "attributes": {
            "arn": "arn:aws:ec2:us-east-1:687646712805:subnet/subnet-090aed57d4407230b",
            "assign_ipv6_address_on_creation": false,
            "availability_zone": "us-east-1b",
            "availability_zone_id": "use1-az4",
            "cidr_block": "10.0.1.0/24",
            "customer_owned_ipv4_pool": "",
            "enable_dns64": false,
            "enable_resource_name_dns_a_record_on_launch": false,
            "enable_resource_name_dns_aaaa_record_on_launch": false,
            "id": "subnet-090aed57d4407230b",
            "ipv6_cidr_block": "",
            "ipv6_cidr_block_association_id": "",
            "ipv6_native": false,
            "map_customer_owned_ip_on_launch": false,
            "map_public_ip_on_launch": false,
            "outpost_arn": "",
            "owner_id": "687646712805",
            "private_dns_hostname_type_on_launch": "ip-name",
            "tags": {
              "Environment": "dev",
              "Name": "jabra-hashicorp/dev/Private-Subnet",
              "Terraform": "true"
            },
            "tags_all": {
              "Environment": "dev",
              "Name": "jabra-hashicorp/dev/Private-Subnet",
              "Terraform": "true"
            },
            "timeouts": null,
            "vpc_id": "vpc-0f6ad60f094893dc9"
          },
          "sensitive_attributes": [],
          "private": "eyJlMmJmYjczMC1lY2FhLTExZTYtOGY4OC0zNDM2M2JjN2M0YzAiOnsiY3JlYXRlIjo2MDAwMDAwMDAwMDAsImRlbGV0ZSI6MTIwMDAwMDAwMDAwMH0sInNjaGVtYV92ZXJzaW9uIjoiMSJ9",
          "dependencies": [
            "aws_vpc.vpc",
            "data.aws_availability_zones.available"
          ]
        }
      ]
    },
    {
      "mode": "managed",
      "type": "aws_subnet",
      "name": "public_subnets",
      "provider": "provider[\"registry.terraform.io/hashicorp/aws\"]",
      "instances": [
        {
          "index_key": "jabra-hashicorp/dev/Public-Subnet",
          "schema_version": 1,
          "attributes": {
            "arn": "arn:aws:ec2:us-east-1:687646712805:subnet/subnet-0b5c5fbd051e39d18",
            "assign_ipv6_address_on_creation": false,
            "availability_zone": "us-east-1b",
            "availability_zone_id": "use1-az4",
            "cidr_block": "10.0.101.0/24",
            "customer_owned_ipv4_pool": "",
            "enable_dns64": false,
            "enable_resource_name_dns_a_record_on_launch": false,
            "enable_resource_name_dns_aaaa_record_on_launch": false,
            "id": "subnet-0b5c5fbd051e39d18",
            "ipv6_cidr_block": "",
            "ipv6_cidr_block_association_id": "",
            "ipv6_native": false,
            "map_customer_owned_ip_on_launch": false,
            "map_public_ip_on_launch": true,
            "outpost_arn": "",
            "owner_id": "687646712805",
            "private_dns_hostname_type_on_launch": "ip-name",
            "tags": {
              "Environment": "dev",
              "Name": "jabra-hashicorp/dev/Public-Subnet",
              "Terraform": "true"
            },
            "tags_all": {
              "Environment": "dev",
              "Name": "jabra-hashicorp/dev/Public-Subnet",
              "Terraform": "true"
            },
            "timeouts": null,
            "vpc_id": "vpc-0f6ad60f094893dc9"
          },
          "sensitive_attributes": [],
          "private": "eyJlMmJmYjczMC1lY2FhLTExZTYtOGY4OC0zNDM2M2JjN2M0YzAiOnsiY3JlYXRlIjo2MDAwMDAwMDAwMDAsImRlbGV0ZSI6MTIwMDAwMDAwMDAwMH0sInNjaGVtYV92ZXJzaW9uIjoiMSJ9",
          "dependencies": [
            "aws_vpc.vpc",
            "data.aws_availability_zones.available"
          ]
        }
      ]
    },
    {
      "mode": "managed",
      "type": "aws_vpc",
      "name": "vpc",
      "provider": "provider[\"registry.terraform.io/hashicorp/aws\"]",
      "instances": [
        {
          "schema_version": 1,
          "attributes": {
            "arn": "arn:aws:ec2:us-east-1:687646712805:vpc/vpc-0f6ad60f094893dc9",
            "assign_generated_ipv6_cidr_block": false,
            "cidr_block": "10.0.0.0/16",
            "default_network_acl_id": "acl-0061656a009b6dbf5",
            "default_route_table_id": "rtb-048b10dcd36170b09",
            "default_security_group_id": "sg-0551b9d17d8ac650b",
            "dhcp_options_id": "dopt-06379ee038ba16e9d",
            "enable_classiclink": false,
            "enable_classiclink_dns_support": false,
            "enable_dns_hostnames": false,
            "enable_dns_support": true,
            "id": "vpc-0f6ad60f094893dc9",
            "instance_tenancy": "default",
            "ipv4_ipam_pool_id": null,
            "ipv4_netmask_length": null,
            "ipv6_association_id": "",
            "ipv6_cidr_block": "",
            "ipv6_cidr_block_network_border_group": "",
            "ipv6_ipam_pool_id": "",
            "ipv6_netmask_length": 0,
            "main_route_table_id": "rtb-048b10dcd36170b09",
            "owner_id": "687646712805",
            "tags": {
              "Environment": "dev",
              "Name": "jabra-hashicorp/dev/VPC",
              "Terraform": "true"
            },
            "tags_all": {
              "Environment": "dev",
              "Name": "jabra-hashicorp/dev/VPC",
              "Terraform": "true"
            }
          },
          "sensitive_attributes": [],
          "private": "eyJzY2hlbWFfdmVyc2lvbiI6IjEifQ=="
        }
      ]
    },
    {
      "mode": "managed",
      "type": "local_file",
      "name": "private_key_pem",
      "provider": "provider[\"registry.terraform.io/hashicorp/local\"]",
      "instances": [
        {
          "schema_version": 0,
          "attributes": {
            "content": "-----BEGIN RSA PRIVATE KEY-----\nMIIEpAIBAAKCAQEAsME/wodmSiZAQ2LLXcr6myf0F3pEu+rEd/ZWP7TP8UxKdo4u\nsOWl28cUUgJQL2J/DL6s2toGrE2N/asK0CW2wg7NNZ4ZmTinvpJCCwkFyV37RNoj\nvWkKHfS9MVWDWMg+EE6Mhh1UPdiak+obFMagoAZaUTYl6io1pXAGYJfjPB+dGreB\n1poaEbX4KxJRgg/BIYECKIsxkhSD0zrv9zTpmf9go1lJj5XqZv73Geq76D46vPEP\nuuPp4PXRef7zEzef9ivFz6jr8eeaxccZWEl3Cx1/7MY7t2iWA/8HGtIp9crZ75fQ\nIqsVPicShrYRocujtk/xvCR9a2ObMACZ6RY0QwIDAQABAoIBAG8yxHgPUqznb5p1\nNtfk8NBXzFpQ05kdU0jdMtmVWRTHGDmJrZogf73KeuA1EFkfMCrGclykuXoAuImT\n55OXhmiDg1puAlDAsddUkDP9EyTh+UgRrFZnFLRP2g6Fa8KZB2Ke6A0funXGJUlV\nCICDjV3fYUaiOCwfLezMk1aFd7HEbM6PDZtuveuwBiOwHtmzW1JIdlBzRtCiymEL\nfspq+jsNLHlalywQdOnjK9aprWLw6FIqxtv8ztwwSPxXTHC6KDXbjkJtr7Q9aBMJ\nHNblJLYjBw7QrzN8AAnkbMu+oUeaqN/8XyIqDVYHZtu92Ufd8bnecTNNC5h/BS23\n4fP3s7ECgYEA6s89jQnDgqINfewFX8ONSHvg6+BBDcfi+KOx7ELdD9KJRsx9qJmr\nwJbo9fl+YDdde8p3chT23gPL3woNt16huwgh22G53gq/dq1bikARS3qk+cbviu+k\nUmuOAqKAtpNk/mQcBk6Rfoize8gTSLuBwZVKN890O+T8bJ/Oxi2PV+0CgYEAwLTI\neaJNz0pRLdbZK3PQMKlHEfFaTOT4ML7RBz6CRF0nP6ljdIMS82tTGnXwBwUrocID\nPV2UdmSZ9rrlfkQ483itI5pHggaEpEwr7d6sgXo+cwmKDt8eIxkNpKm4mhPtko82\nswaFzbIhnHZbn1mocAUUm+Yq3fvpf/jV8oFv1u8CgYEA5g/vqsSqPtAwj/Q0v8OG\nJkLZ+cJbevkiNaONrINGvT33KtspM4x9b9Fsp7SwUe1tNuEFb02DI7xsgDgFgGjD\n5dDt+1khF6FIPytTyX1EdMPR6Lk18tciFW80UPiPTFPWXDoSC0vn2iZuVRWPb2/o\njpeLhGtK43RUrslVe28gR3ECgYEAsBJ+OeS6A3R7x85Ojw06Y7vHW/WR9EAhJSi0\nBFJw49XZTqmOXZ6FajPdsoef0EpBG4MRQriGNcalhnItzbi38H2KdMU6IOujthqC\n6MxUAdmXxbQpmHz0JE130cPhD6a1ovuHlvuWteLUIwlhna9l3zRFKEydTkYliu/p\nS7JIZbECgYBnN3hOfkzYTcnLQF5yC1+hhl3WFJXRBXLUMDi9tX+z1PqI91G13p2m\n3zawZ5CdJkEbsYnNimCWJFNx5gCjgi+K43JOHRThgZCUG6hlUmFtfrJ04AnJRofP\nBSXx73cw/P4R4rbPbgjvoTWza8AOiWrWLLEDDiGJaHVLG8BgSL1jfQ==\n-----END RSA PRIVATE KEY-----\n",
            "content_base64": null,
            "directory_permission": "0777",
            "file_permission": "0777",
            "filename": "./Jabra-DevSecOps-Key.pem",
            "id": "865a0aaae1c0ffe25e4a1c9cc680fdbbb1bef48a",
            "sensitive_content": null,
            "source": null
          },
          "sensitive_attributes": [
            [
              {
                "type": "get_attr",
                "value": "content"
              }
            ]
          ],
          "private": "bnVsbA==",
          "dependencies": [
            "tls_private_key.generated"
          ]
        }
      ]
    },
    {
      "mode": "managed",
      "type": "tls_private_key",
      "name": "generated",
      "provider": "provider[\"registry.terraform.io/hashicorp/tls\"]",
      "instances": [
        {
          "schema_version": 0,
          "attributes": {
            "algorithm": "RSA",
            "ecdsa_curve": "P224",
            "id": "1eee934e6d35eba21fc7936713c65ad0c9a880a3",
            "private_key_pem": "-----BEGIN RSA PRIVATE KEY-----\nMIIEpAIBAAKCAQEAsME/wodmSiZAQ2LLXcr6myf0F3pEu+rEd/ZWP7TP8UxKdo4u\nsOWl28cUUgJQL2J/DL6s2toGrE2N/asK0CW2wg7NNZ4ZmTinvpJCCwkFyV37RNoj\nvWkKHfS9MVWDWMg+EE6Mhh1UPdiak+obFMagoAZaUTYl6io1pXAGYJfjPB+dGreB\n1poaEbX4KxJRgg/BIYECKIsxkhSD0zrv9zTpmf9go1lJj5XqZv73Geq76D46vPEP\nuuPp4PXRef7zEzef9ivFz6jr8eeaxccZWEl3Cx1/7MY7t2iWA/8HGtIp9crZ75fQ\nIqsVPicShrYRocujtk/xvCR9a2ObMACZ6RY0QwIDAQABAoIBAG8yxHgPUqznb5p1\nNtfk8NBXzFpQ05kdU0jdMtmVWRTHGDmJrZogf73KeuA1EFkfMCrGclykuXoAuImT\n55OXhmiDg1puAlDAsddUkDP9EyTh+UgRrFZnFLRP2g6Fa8KZB2Ke6A0funXGJUlV\nCICDjV3fYUaiOCwfLezMk1aFd7HEbM6PDZtuveuwBiOwHtmzW1JIdlBzRtCiymEL\nfspq+jsNLHlalywQdOnjK9aprWLw6FIqxtv8ztwwSPxXTHC6KDXbjkJtr7Q9aBMJ\nHNblJLYjBw7QrzN8AAnkbMu+oUeaqN/8XyIqDVYHZtu92Ufd8bnecTNNC5h/BS23\n4fP3s7ECgYEA6s89jQnDgqINfewFX8ONSHvg6+BBDcfi+KOx7ELdD9KJRsx9qJmr\nwJbo9fl+YDdde8p3chT23gPL3woNt16huwgh22G53gq/dq1bikARS3qk+cbviu+k\nUmuOAqKAtpNk/mQcBk6Rfoize8gTSLuBwZVKN890O+T8bJ/Oxi2PV+0CgYEAwLTI\neaJNz0pRLdbZK3PQMKlHEfFaTOT4ML7RBz6CRF0nP6ljdIMS82tTGnXwBwUrocID\nPV2UdmSZ9rrlfkQ483itI5pHggaEpEwr7d6sgXo+cwmKDt8eIxkNpKm4mhPtko82\nswaFzbIhnHZbn1mocAUUm+Yq3fvpf/jV8oFv1u8CgYEA5g/vqsSqPtAwj/Q0v8OG\nJkLZ+cJbevkiNaONrINGvT33KtspM4x9b9Fsp7SwUe1tNuEFb02DI7xsgDgFgGjD\n5dDt+1khF6FIPytTyX1EdMPR6Lk18tciFW80UPiPTFPWXDoSC0vn2iZuVRWPb2/o\njpeLhGtK43RUrslVe28gR3ECgYEAsBJ+OeS6A3R7x85Ojw06Y7vHW/WR9EAhJSi0\nBFJw49XZTqmOXZ6FajPdsoef0EpBG4MRQriGNcalhnItzbi38H2KdMU6IOujthqC\n6MxUAdmXxbQpmHz0JE130cPhD6a1ovuHlvuWteLUIwlhna9l3zRFKEydTkYliu/p\nS7JIZbECgYBnN3hOfkzYTcnLQF5yC1+hhl3WFJXRBXLUMDi9tX+z1PqI91G13p2m\n3zawZ5CdJkEbsYnNimCWJFNx5gCjgi+K43JOHRThgZCUG6hlUmFtfrJ04AnJRofP\nBSXx73cw/P4R4rbPbgjvoTWza8AOiWrWLLEDDiGJaHVLG8BgSL1jfQ==\n-----END RSA PRIVATE KEY-----\n",
            "public_key_fingerprint_md5": "d3:de:58:fb:3c:da:48:1e:3e:44:31:b8:45:2e:d5:7d",
            "public_key_openssh": "ssh-rsa AAAAB3NzaC1yc2EAAAADAQABAAABAQCwwT/Ch2ZKJkBDYstdyvqbJ/QXekS76sR39lY/tM/xTEp2ji6w5aXbxxRSAlAvYn8Mvqza2gasTY39qwrQJbbCDs01nhmZOKe+kkILCQXJXftE2iO9aQod9L0xVYNYyD4QToyGHVQ92JqT6hsUxqCgBlpRNiXqKjWlcAZgl+M8H50at4HWmhoRtfgrElGCD8EhgQIoizGSFIPTOu/3NOmZ/2CjWUmPlepm/vcZ6rvoPjq88Q+64+ng9dF5/vMTN5/2K8XPqOvx55rFxxlYSXcLHX/sxju3aJYD/wca0in1ytnvl9AiqxU+JxKGthGhy6O2T/G8JH1rY5swAJnpFjRD\n",
            "public_key_pem": "-----BEGIN PUBLIC KEY-----\nMIIBIjANBgkqhkiG9w0BAQEFAAOCAQ8AMIIBCgKCAQEAsME/wodmSiZAQ2LLXcr6\nmyf0F3pEu+rEd/ZWP7TP8UxKdo4usOWl28cUUgJQL2J/DL6s2toGrE2N/asK0CW2\nwg7NNZ4ZmTinvpJCCwkFyV37RNojvWkKHfS9MVWDWMg+EE6Mhh1UPdiak+obFMag\noAZaUTYl6io1pXAGYJfjPB+dGreB1poaEbX4KxJRgg/BIYECKIsxkhSD0zrv9zTp\nmf9go1lJj5XqZv73Geq76D46vPEPuuPp4PXRef7zEzef9ivFz6jr8eeaxccZWEl3\nCx1/7MY7t2iWA/8HGtIp9crZ75fQIqsVPicShrYRocujtk/xvCR9a2ObMACZ6RY0\nQwIDAQAB\n-----END PUBLIC KEY-----\n",
            "rsa_bits": 2048
          },
          "sensitive_attributes": [],
          "private": "bnVsbA=="
        }
      ]
    }
  ],
  "check_results": null
}
